
Microsoft Visual Studio Solution File, Format Version 12.00
# Visual Studio Version 17
VisualStudioVersion = 17.11.35327.3
MinimumVisualStudioVersion = 10.0.40219.1
Project("{9A19103F-16F7-4668-BE54-9A1E7A4F7556}") = "Postie", "Postie\Postie.csproj", "{96EF4553-A739-4B25-96C2-59B707738BF5}"
EndProject
Project("{2150E333-8FDC-42A3-9474-1A3956D46DE8}") = "Microservices", "Microservices", "{52EEE2B3-9345-4F18-9249-7B19061E1929}"
EndProject
Project("{9A19103F-16F7-4668-BE54-9A1E7A4F7556}") = "Postie.DAL", "Postie.DAL\Postie.DAL.csproj", "{890E38DD-BD97-4FC7-9407-ACA34547FDD6}"
EndProject
Project("{9A19103F-16F7-4668-BE54-9A1E7A4F7556}") = "PostService", "PostService\PostService.csproj", "{8105D79A-E8E5-4570-90C4-70A785B18BDE}"
EndProject
Project("{9A19103F-16F7-4668-BE54-9A1E7A4F7556}") = "LoggingService", "LoggingService\LoggingService.csproj", "{84B8EE96-82B5-4BF2-ADC1-7B5B6B9F1FC1}"
EndProject
Project("{9A19103F-16F7-4668-BE54-9A1E7A4F7556}") = "AccountService", "AccountService\AccountService.csproj", "{2FE27424-0A53-48EF-8E5D-BDECE610581A}"
EndProject
Project("{2150E333-8FDC-42A3-9474-1A3956D46DE8}") = "ApiGateway", "ApiGateway", "{FEA980D8-6B6C-40F9-971D-B59AC1C6DF73}"
EndProject
Project("{9A19103F-16F7-4668-BE54-9A1E7A4F7556}") = "ApiGateway", "ApiGateway\ApiGateway.csproj", "{8704243E-3187-47CE-A258-09D4D0460C8B}"
EndProject
Project("{9A19103F-16F7-4668-BE54-9A1E7A4F7556}") = "AuthService", "AuthService\AuthService.csproj", "{16324792-979E-47A6-8839-70C20BFEB2B1}"
EndProject
Project("{9A19103F-16F7-4668-BE54-9A1E7A4F7556}") = "AuthHelper", "AuthHelper\AuthHelper.csproj", "{3B407208-18CC-43F1-B1BB-FBFE208B3FE6}"
EndProject
Project("{9A19103F-16F7-4668-BE54-9A1E7A4F7556}") = "Shared", "Shared\Shared.csproj", "{D1EF7EDC-040B-4896-814C-AECAF7F6BB64}"
EndProject
Project("{2150E333-8FDC-42A3-9474-1A3956D46DE8}") = "Solution Items", "Solution Items", "{EC0E517F-0E86-47EE-924C-D5AC81F06C62}"
	ProjectSection(SolutionItems) = preProject
		.dockerignore = .dockerignore
		.env = .env
		AccountService.Dockerfile = AccountService.Dockerfile
		ApiGateway.Dockerfile = ApiGateway.Dockerfile
		AuthService.Dockerfile = AuthService.Dockerfile
		docker-compose.yml = docker-compose.yml
		LoggingService.Dockerfile = LoggingService.Dockerfile
		Migration.Dockerfile = Migration.Dockerfile
		PostService.Dockerfile = PostService.Dockerfile
	EndProjectSection
EndProject
Project("{2150E333-8FDC-42A3-9474-1A3956D46DE8}") = "Tests", "Tests", "{D6635B94-5EA2-4611-9CB0-012C97F57741}"
EndProject
Project("{9A19103F-16F7-4668-BE54-9A1E7A4F7556}") = "AccountService.Test", "Tests\Test.AccountService\AccountService.Test.csproj", "{E331B183-3EC2-4FC2-B385-7B0E87E2A087}"
EndProject
Project("{9A19103F-16F7-4668-BE54-9A1E7A4F7556}") = "BaseTest", "Tests\BaseTest\BaseTest.csproj", "{BA5291F2-139A-4470-9984-0180A5093840}"
EndProject
Project("{FAE04EC0-301F-11D3-BF4B-00C04F79EFBC}") = "AuthService.Test", "Tests\AuthService.Test\AuthService.Test.csproj", "{C9844E6E-0341-4751-BF66-6C4038578E03}"
EndProject
Project("{FAE04EC0-301F-11D3-BF4B-00C04F79EFBC}") = "PostService.Test", "Tests\PostService.Test\PostService.Test.csproj", "{EF07E5F0-EB5C-457D-9D83-44DD0DBA7DE3}"
EndProject
Global
	GlobalSection(SolutionConfigurationPlatforms) = preSolution
		Debug|Any CPU = Debug|Any CPU
		Release|Any CPU = Release|Any CPU
	EndGlobalSection
	GlobalSection(ProjectConfigurationPlatforms) = postSolution
		{96EF4553-A739-4B25-96C2-59B707738BF5}.Debug|Any CPU.ActiveCfg = Debug|Any CPU
		{96EF4553-A739-4B25-96C2-59B707738BF5}.Debug|Any CPU.Build.0 = Debug|Any CPU
		{96EF4553-A739-4B25-96C2-59B707738BF5}.Release|Any CPU.ActiveCfg = Release|Any CPU
		{96EF4553-A739-4B25-96C2-59B707738BF5}.Release|Any CPU.Build.0 = Release|Any CPU
		{890E38DD-BD97-4FC7-9407-ACA34547FDD6}.Debug|Any CPU.ActiveCfg = Debug|Any CPU
		{890E38DD-BD97-4FC7-9407-ACA34547FDD6}.Debug|Any CPU.Build.0 = Debug|Any CPU
		{890E38DD-BD97-4FC7-9407-ACA34547FDD6}.Release|Any CPU.ActiveCfg = Release|Any CPU
		{890E38DD-BD97-4FC7-9407-ACA34547FDD6}.Release|Any CPU.Build.0 = Release|Any CPU
		{8105D79A-E8E5-4570-90C4-70A785B18BDE}.Debug|Any CPU.ActiveCfg = Debug|Any CPU
		{8105D79A-E8E5-4570-90C4-70A785B18BDE}.Debug|Any CPU.Build.0 = Debug|Any CPU
		{8105D79A-E8E5-4570-90C4-70A785B18BDE}.Release|Any CPU.ActiveCfg = Release|Any CPU
		{8105D79A-E8E5-4570-90C4-70A785B18BDE}.Release|Any CPU.Build.0 = Release|Any CPU
		{84B8EE96-82B5-4BF2-ADC1-7B5B6B9F1FC1}.Debug|Any CPU.ActiveCfg = Debug|Any CPU
		{84B8EE96-82B5-4BF2-ADC1-7B5B6B9F1FC1}.Debug|Any CPU.Build.0 = Debug|Any CPU
		{84B8EE96-82B5-4BF2-ADC1-7B5B6B9F1FC1}.Release|Any CPU.ActiveCfg = Release|Any CPU
		{84B8EE96-82B5-4BF2-ADC1-7B5B6B9F1FC1}.Release|Any CPU.Build.0 = Release|Any CPU
		{2FE27424-0A53-48EF-8E5D-BDECE610581A}.Debug|Any CPU.ActiveCfg = Debug|Any CPU
		{2FE27424-0A53-48EF-8E5D-BDECE610581A}.Debug|Any CPU.Build.0 = Debug|Any CPU
		{2FE27424-0A53-48EF-8E5D-BDECE610581A}.Release|Any CPU.ActiveCfg = Release|Any CPU
		{2FE27424-0A53-48EF-8E5D-BDECE610581A}.Release|Any CPU.Build.0 = Release|Any CPU
		{8704243E-3187-47CE-A258-09D4D0460C8B}.Debug|Any CPU.ActiveCfg = Debug|Any CPU
		{8704243E-3187-47CE-A258-09D4D0460C8B}.Debug|Any CPU.Build.0 = Debug|Any CPU
		{8704243E-3187-47CE-A258-09D4D0460C8B}.Release|Any CPU.ActiveCfg = Release|Any CPU
		{8704243E-3187-47CE-A258-09D4D0460C8B}.Release|Any CPU.Build.0 = Release|Any CPU
		{16324792-979E-47A6-8839-70C20BFEB2B1}.Debug|Any CPU.ActiveCfg = Debug|Any CPU
		{16324792-979E-47A6-8839-70C20BFEB2B1}.Debug|Any CPU.Build.0 = Debug|Any CPU
		{16324792-979E-47A6-8839-70C20BFEB2B1}.Release|Any CPU.ActiveCfg = Release|Any CPU
		{16324792-979E-47A6-8839-70C20BFEB2B1}.Release|Any CPU.Build.0 = Release|Any CPU
		{3B407208-18CC-43F1-B1BB-FBFE208B3FE6}.Debug|Any CPU.ActiveCfg = Debug|Any CPU
		{3B407208-18CC-43F1-B1BB-FBFE208B3FE6}.Debug|Any CPU.Build.0 = Debug|Any CPU
		{3B407208-18CC-43F1-B1BB-FBFE208B3FE6}.Release|Any CPU.ActiveCfg = Release|Any CPU
		{3B407208-18CC-43F1-B1BB-FBFE208B3FE6}.Release|Any CPU.Build.0 = Release|Any CPU
		{D1EF7EDC-040B-4896-814C-AECAF7F6BB64}.Debug|Any CPU.ActiveCfg = Debug|Any CPU
		{D1EF7EDC-040B-4896-814C-AECAF7F6BB64}.Debug|Any CPU.Build.0 = Debug|Any CPU
		{D1EF7EDC-040B-4896-814C-AECAF7F6BB64}.Release|Any CPU.ActiveCfg = Release|Any CPU
		{D1EF7EDC-040B-4896-814C-AECAF7F6BB64}.Release|Any CPU.Build.0 = Release|Any CPU
		{E331B183-3EC2-4FC2-B385-7B0E87E2A087}.Debug|Any CPU.ActiveCfg = Debug|Any CPU
		{E331B183-3EC2-4FC2-B385-7B0E87E2A087}.Debug|Any CPU.Build.0 = Debug|Any CPU
		{E331B183-3EC2-4FC2-B385-7B0E87E2A087}.Release|Any CPU.ActiveCfg = Release|Any CPU
		{E331B183-3EC2-4FC2-B385-7B0E87E2A087}.Release|Any CPU.Build.0 = Release|Any CPU
		{BA5291F2-139A-4470-9984-0180A5093840}.Debug|Any CPU.ActiveCfg = Debug|Any CPU
		{BA5291F2-139A-4470-9984-0180A5093840}.Debug|Any CPU.Build.0 = Debug|Any CPU
		{BA5291F2-139A-4470-9984-0180A5093840}.Release|Any CPU.ActiveCfg = Release|Any CPU
		{BA5291F2-139A-4470-9984-0180A5093840}.Release|Any CPU.Build.0 = Release|Any CPU
		{C9844E6E-0341-4751-BF66-6C4038578E03}.Debug|Any CPU.ActiveCfg = Debug|Any CPU
		{C9844E6E-0341-4751-BF66-6C4038578E03}.Debug|Any CPU.Build.0 = Debug|Any CPU
		{C9844E6E-0341-4751-BF66-6C4038578E03}.Release|Any CPU.ActiveCfg = Release|Any CPU
		{C9844E6E-0341-4751-BF66-6C4038578E03}.Release|Any CPU.Build.0 = Release|Any CPU
		{EF07E5F0-EB5C-457D-9D83-44DD0DBA7DE3}.Debug|Any CPU.ActiveCfg = Debug|Any CPU
		{EF07E5F0-EB5C-457D-9D83-44DD0DBA7DE3}.Debug|Any CPU.Build.0 = Debug|Any CPU
		{EF07E5F0-EB5C-457D-9D83-44DD0DBA7DE3}.Release|Any CPU.ActiveCfg = Release|Any CPU
		{EF07E5F0-EB5C-457D-9D83-44DD0DBA7DE3}.Release|Any CPU.Build.0 = Release|Any CPU
	EndGlobalSection
	GlobalSection(SolutionProperties) = preSolution
		HideSolutionNode = FALSE
	EndGlobalSection
	GlobalSection(NestedProjects) = preSolution
		{8105D79A-E8E5-4570-90C4-70A785B18BDE} = {52EEE2B3-9345-4F18-9249-7B19061E1929}
		{84B8EE96-82B5-4BF2-ADC1-7B5B6B9F1FC1} = {52EEE2B3-9345-4F18-9249-7B19061E1929}
		{2FE27424-0A53-48EF-8E5D-BDECE610581A} = {52EEE2B3-9345-4F18-9249-7B19061E1929}
		{8704243E-3187-47CE-A258-09D4D0460C8B} = {FEA980D8-6B6C-40F9-971D-B59AC1C6DF73}
		{16324792-979E-47A6-8839-70C20BFEB2B1} = {52EEE2B3-9345-4F18-9249-7B19061E1929}
		{E331B183-3EC2-4FC2-B385-7B0E87E2A087} = {D6635B94-5EA2-4611-9CB0-012C97F57741}
		{BA5291F2-139A-4470-9984-0180A5093840} = {D6635B94-5EA2-4611-9CB0-012C97F57741}
		{C9844E6E-0341-4751-BF66-6C4038578E03} = {D6635B94-5EA2-4611-9CB0-012C97F57741}
		{EF07E5F0-EB5C-457D-9D83-44DD0DBA7DE3} = {D6635B94-5EA2-4611-9CB0-012C97F57741}
	EndGlobalSection
	GlobalSection(ExtensibilityGlobals) = postSolution
		SolutionGuid = {91EFBEB2-BC3F-4DD8-8831-C02690325738}
	EndGlobalSection
EndGlobal
